
Microsoft Visual Studio Solution File, Format Version 12.00
# Visual Studio Version 17
VisualStudioVersion = 17.5.002.0
MinimumVisualStudioVersion = 10.0.40219.1
Project("{9A19103F-16F7-4668-BE54-9A1E7A4F7556}") = "Wpf.Ui.Demo.Mvvm", "Wpf.Ui.Demo.Mvvm.csproj", "{4B592D2E-97E6-4FD8-ABE4-5D346D6B18AD}"
EndProject
Global
	GlobalSection(SolutionConfigurationPlatforms) = preSolution
		Debug|Any CPU = Debug|Any CPU
		Release|Any CPU = Release|Any CPU
	EndGlobalSection
	GlobalSection(ProjectConfigurationPlatforms) = postSolution
		{4B592D2E-97E6-4FD8-ABE4-5D346D6B18AD}.Debug|Any CPU.ActiveCfg = Debug|Any CPU
		{4B592D2E-97E6-4FD8-ABE4-5D346D6B18AD}.Debug|Any CPU.Build.0 = Debug|Any CPU
		{4B592D2E-97E6-4FD8-ABE4-5D346D6B18AD}.Release|Any CPU.ActiveCfg = Release|Any CPU
		{4B592D2E-97E6-4FD8-ABE4-5D346D6B18AD}.Release|Any CPU.Build.0 = Release|Any CPU
	EndGlobalSection
	GlobalSection(SolutionProperties) = preSolution
		HideSolutionNode = FALSE
	EndGlobalSection
	GlobalSection(ExtensibilityGlobals) = postSolution
		SolutionGuid = {195459D5-982A-412D-A88E-A1644596E71C}
	EndGlobalSection
EndGlobal
